# THIS IS AN AUTOGENERATED FILE. DO NOT EDIT THIS FILE DIRECTLY.
# yarn lockfile v1


angular-material@~1.0.6:
  version "1.0.9"
  resolved "https://registry.yarnpkg.com/angular-material/-/angular-material-1.0.9.tgz#00e816f6381ffd164bc7e56dcf56549f0ff64d6c"

moment@~2.10.2:
  version "2.10.6"
  resolved "https://registry.yarnpkg.com/moment/-/moment-2.10.6.tgz#6cb21967c79cba7b0ca5e66644f173662b3efa77"
